
Microsoft Visual Studio Solution File, Format Version 12.00
# Visual Studio Version 17
VisualStudioVersion = 17.5.002.0
MinimumVisualStudioVersion = 10.0.40219.1
Project("{2150E333-8FDC-42A3-9474-1A3956D46DE8}") = "src", "src", "{51B54057-54EF-467D-BF41-AEEEBCA9DC9B}"
EndProject
Project("{FAE04EC0-301F-11D3-BF4B-00C04F79EFBC}") = "Client", "src\Client\Client.csproj", "{0E1C1A10-CA31-49DC-BBCB-005F5559900B}"
EndProject
Project("{9A19103F-16F7-4668-BE54-9A1E7A4F7556}") = "Server", "src\Server\Server.csproj", "{E17A5823-3D17-4ECE-B5E2-94635DBA6A94}"
EndProject
Global
	GlobalSection(SolutionConfigurationPlatforms) = preSolution
		Debug|Any CPU = Debug|Any CPU
		Release|Any CPU = Release|Any CPU
	EndGlobalSection
	GlobalSection(ProjectConfigurationPlatforms) = postSolution
		{0E1C1A10-CA31-49DC-BBCB-005F5559900B}.Debug|Any CPU.ActiveCfg = Debug|Any CPU
		{0E1C1A10-CA31-49DC-BBCB-005F5559900B}.Debug|Any CPU.Build.0 = Debug|Any CPU
		{0E1C1A10-CA31-49DC-BBCB-005F5559900B}.Release|Any CPU.ActiveCfg = Release|Any CPU
		{0E1C1A10-CA31-49DC-BBCB-005F5559900B}.Release|Any CPU.Build.0 = Release|Any CPU
		{E17A5823-3D17-4ECE-B5E2-94635DBA6A94}.Debug|Any CPU.ActiveCfg = Debug|Any CPU
		{E17A5823-3D17-4ECE-B5E2-94635DBA6A94}.Debug|Any CPU.Build.0 = Debug|Any CPU
		{E17A5823-3D17-4ECE-B5E2-94635DBA6A94}.Release|Any CPU.ActiveCfg = Release|Any CPU
		{E17A5823-3D17-4ECE-B5E2-94635DBA6A94}.Release|Any CPU.Build.0 = Release|Any CPU
	EndGlobalSection
	GlobalSection(SolutionProperties) = preSolution
		HideSolutionNode = FALSE
	EndGlobalSection
	GlobalSection(NestedProjects) = preSolution
		{0E1C1A10-CA31-49DC-BBCB-005F5559900B} = {51B54057-54EF-467D-BF41-AEEEBCA9DC9B}
		{E17A5823-3D17-4ECE-B5E2-94635DBA6A94} = {51B54057-54EF-467D-BF41-AEEEBCA9DC9B}
	EndGlobalSection
	GlobalSection(ExtensibilityGlobals) = postSolution
		SolutionGuid = {27C719CB-02D3-428A-9B95-3DF388BB82EA}
	EndGlobalSection
EndGlobal
